# This file was autogenerated by uv via the following command:
#    uv export --frozen --no-dev --no-hashes --no-emit-project --format requirements.txt -o requirements.lock
alembic==1.16.5
    # via
    #   flask-migrate
    #   miminet-front
amqp==5.3.1
    # via kombu
attrs==26.1.0
    # via
    #   jsonschema
    #   referencing
beautifulsoup4==4.13.5
    # via
    #   google
    #   miminet-front
billiard==4.2.4
    # via celery
blinker==1.9.0
    # via flask
cachecontrol==0.14.4
    # via miminet-front
cachetools==5.5.2
    # via google-auth
celery==5.5.3
    # via miminet-front
certifi==2025.10.5
    # via
    #   miminet-front
    #   requests
charset-normalizer==3.4.3
    # via
    #   miminet-front
    #   requests
click==8.1.8
    # via
    #   celery
    #   click-didyoumean
    #   click-plugins
    #   click-repl
    #   flask
    #   miminet-front
click-didyoumean==0.3.1
    # via celery
click-plugins==1.1.1.2
    # via celery
click-repl==0.3.0
    # via celery
colorama==0.4.6
    # via
    #   click
    #   miminet-front
dpkt==1.9.8
    # via miminet-front
flask==3.1.2
    # via
    #   flask-admin
    #   flask-cors
    #   flask-jwt-extended
    #   flask-login
    #   flask-migrate
    #   flask-sqlalchemy
    #   miminet-front
flask-admin==2.0.1
    # via miminet-front
flask-cors==6.0.2
    # via miminet-front
flask-jwt-extended==4.7.1
    # via miminet-front
flask-login==0.6.3
    # via miminet-front
flask-migrate==4.1.0
    # via miminet-front
flask-sqlalchemy==3.1.1
    # via
    #   flask-migrate
    #   miminet-front
google==3.0.0
    # via miminet-front
google-auth==2.40.3
    # via
    #   google-auth-oauthlib
    #   miminet-front
google-auth-oauthlib==1.2.2
    # via miminet-front
greenlet==3.2.4
    # via
    #   miminet-front
    #   sqlalchemy
h11==0.16.0
    # via
    #   miminet-front
    #   wsproto
idna==3.10
    # via
    #   miminet-front
    #   requests
importlib-metadata==8.7.0
    # via miminet-front
importlib-resources==6.5.2
    # via miminet-front
itsdangerous==2.2.0
    # via
    #   flask
    #   miminet-front
jinja2==3.1.6
    # via
    #   flask
    #   flask-admin
    #   miminet-front
jsonschema==4.25.1
    # via miminet-front
jsonschema-specifications==2025.9.1
    # via jsonschema
kombu==5.5.4
    # via
    #   celery
    #   miminet-front
mako==1.3.10
    # via
    #   alembic
    #   miminet-front
markupsafe==3.0.2
    # via
    #   flask
    #   flask-admin
    #   jinja2
    #   mako
    #   miminet-front
    #   werkzeug
    #   wtforms
msgpack==1.1.2
    # via cachecontrol
oauthlib==3.3.1
    # via
    #   miminet-front
    #   requests-oauthlib
packaging==26.2
    # via kombu
pillow==11.3.0
    # via miminet-front
prompt-toolkit==3.0.52
    # via click-repl
psycopg2-binary==2.9.10
    # via miminet-front
pyasn1==0.6.1
    # via
    #   miminet-front
    #   pyasn1-modules
    #   rsa
pyasn1-modules==0.4.2
    # via
    #   google-auth
    #   miminet-front
pyjwt==2.12.1
    # via flask-jwt-extended
pysocks==1.7.1
    # via miminet-front
python-dateutil==2.9.0.post0
    # via
    #   celery
    #   miminet-front
python-dotenv==1.1.1
    # via miminet-front
referencing==0.37.0
    # via
    #   jsonschema
    #   jsonschema-specifications
requests==2.32.5
    # via
    #   cachecontrol
    #   miminet-front
    #   requests-oauthlib
requests-oauthlib==2.0.0
    # via
    #   google-auth-oauthlib
    #   miminet-front
rpds-py==0.30.0
    # via
    #   jsonschema
    #   referencing
rsa==4.9.1
    # via
    #   google-auth
    #   miminet-front
six==1.17.0
    # via
    #   miminet-front
    #   python-dateutil
soupsieve==2.8
    # via
    #   beautifulsoup4
    #   miminet-front
sqlalchemy==2.0.43
    # via
    #   alembic
    #   flask-sqlalchemy
    #   miminet-front
typing-extensions==4.15.0
    # via
    #   alembic
    #   beautifulsoup4
    #   referencing
    #   sqlalchemy
tzdata==2026.2
    # via kombu
urllib3==2.5.0
    # via
    #   miminet-front
    #   requests
uwsgi==2.0.31
    # via miminet-front
vine==5.1.0
    # via
    #   amqp
    #   celery
    #   kombu
    #   miminet-front
wcwidth==0.2.13
    # via
    #   miminet-front
    #   prompt-toolkit
websocket-client==1.8.0
    # via miminet-front
werkzeug==3.1.3
    # via
    #   flask
    #   flask-admin
    #   flask-cors
    #   flask-jwt-extended
    #   flask-login
    #   miminet-front
wsproto==1.2.0
    # via miminet-front
wtforms==3.2.1
    # via
    #   flask-admin
    #   miminet-front
zipp==3.23.0
    # via
    #   importlib-metadata
    #   miminet-front
